
Microsoft Visual Studio Solution File, Format Version 12.00
# Visual Studio 14
VisualStudioVersion = 14.0.25420.1
MinimumVisualStudioVersion = 10.0.40219.1
Project("{FAE04EC0-301F-11D3-BF4B-00C04F79EFBC}") = "xDM", "xDM\xDM.csproj", "{F767777E-4DDD-48E3-831F-6152C03DEABF}"
EndProject
Project("{FAE04EC0-301F-11D3-BF4B-00C04F79EFBC}") = "xDM.xData", "xDM\xData\xDM.xData.csproj", "{DC30395F-C117-4AD7-B414-D733AF0FCC40}"
EndProject
Project("{FAE04EC0-301F-11D3-BF4B-00C04F79EFBC}") = "xDM.xData.xClient", "xDM\xData\xClient\xDM.xData.xClient.csproj", "{5A2EB19F-D21A-4AC8-8D6A-1EB7AA657649}"
EndProject
Project("{FAE04EC0-301F-11D3-BF4B-00C04F79EFBC}") = "xDM.xData.xORM", "xDM\xData\xORM\xDM.xData.xORM.csproj", "{45895CBB-2BAF-4D1D-97C1-A939F03791E6}"
EndProject
Project("{FAE04EC0-301F-11D3-BF4B-00C04F79EFBC}") = "zTest.WinForm", "zTest\WinForm\zTest.WinForm.csproj", "{C6E282AE-D563-4B95-9F1A-EC75CF8738B8}"
EndProject
Project("{FAE04EC0-301F-11D3-BF4B-00C04F79EFBC}") = "zTest.Web", "zTest\Web\zTest.Web.csproj", "{D5335982-19D7-4939-9530-8ACD8E2427BC}"
EndProject
Project("{FAE04EC0-301F-11D3-BF4B-00C04F79EFBC}") = "zTest.Colsole", "zTest\Colsole\zTest.Colsole.csproj", "{E086BC6E-380C-4AC7-BA8D-EB87D72C9C16}"
EndProject
Project("{D954291E-2A0B-460D-934E-DC6B0785DB48}") = "xResourcesFiles", "xResourcesFiles\xResourcesFiles.shproj", "{0F862517-B3B5-46E1-9C54-B26D54F27403}"
EndProject
Project("{FAE04EC0-301F-11D3-BF4B-00C04F79EFBC}") = "xDM.xNet.xSockets", "xDM\xNet\xSockets\xDM.xNet.xSockets.csproj", "{E0984D81-FA0D-417E-9DD1-37AA1263906A}"
EndProject
Project("{FAE04EC0-301F-11D3-BF4B-00C04F79EFBC}") = "xDM.xNet.xSockets.xSocket", "xDM\xNet\xSockets\xSocket\xDM.xNet.xSockets.xSocket.csproj", "{54B0AF87-4B36-4CAA-BF75-FC440246AD7B}"
EndProject
Project("{FAE04EC0-301F-11D3-BF4B-00C04F79EFBC}") = "xDM.xCommon", "xDM\xCommon\xDM.xCommon.csproj", "{8025A25F-8936-4C25-85A0-D9AC97F65B3F}"
EndProject
Project("{FAE04EC0-301F-11D3-BF4B-00C04F79EFBC}") = "xDM.xNet.xSockets.oHPSocket", "xDM\xNet\xSockets\oHPSocket\xDM.xNet.xSockets.oHPSocket.csproj", "{E9A3F496-598A-4354-BA54-E53F2F098479}"
EndProject
Project("{2150E333-8FDC-42A3-9474-1A3956D46DE8}") = "Solution Items", "Solution Items", "{2AE841DA-8F8E-46AF-9D61-93944440264D}"
	ProjectSection(SolutionItems) = preProject
		GlobalAssemblyInfo.cs = GlobalAssemblyInfo.cs
		README.md = README.md
	EndProjectSection
EndProject
Project("{FAE04EC0-301F-11D3-BF4B-00C04F79EFBC}") = "xDM.xReflection", "xDM\xReflection\xDM.xReflection.csproj", "{F0223010-E72E-4D57-BFE7-0C532D9E3851}"
EndProject
Global
	GlobalSection(SharedMSBuildProjectFiles) = preSolution
		xResourcesFiles\xResourcesFiles.projitems*{0f862517-b3b5-46e1-9c54-b26d54f27403}*SharedItemsImports = 13
	EndGlobalSection
	GlobalSection(SolutionConfigurationPlatforms) = preSolution
		Debug|Any CPU = Debug|Any CPU
		Debug|x64 = Debug|x64
		Debug|x86 = Debug|x86
		Release|Any CPU = Release|Any CPU
		Release|x64 = Release|x64
		Release|x86 = Release|x86
	EndGlobalSection
	GlobalSection(ProjectConfigurationPlatforms) = postSolution
		{F767777E-4DDD-48E3-831F-6152C03DEABF}.Debug|Any CPU.ActiveCfg = Debug|Any CPU
		{F767777E-4DDD-48E3-831F-6152C03DEABF}.Debug|Any CPU.Build.0 = Debug|Any CPU
		{F767777E-4DDD-48E3-831F-6152C03DEABF}.Debug|x64.ActiveCfg = Debug|x64
		{F767777E-4DDD-48E3-831F-6152C03DEABF}.Debug|x64.Build.0 = Debug|x64
		{F767777E-4DDD-48E3-831F-6152C03DEABF}.Debug|x86.ActiveCfg = Debug|x86
		{F767777E-4DDD-48E3-831F-6152C03DEABF}.Debug|x86.Build.0 = Debug|x86
		{F767777E-4DDD-48E3-831F-6152C03DEABF}.Release|Any CPU.ActiveCfg = Release|Any CPU
		{F767777E-4DDD-48E3-831F-6152C03DEABF}.Release|Any CPU.Build.0 = Release|Any CPU
		{F767777E-4DDD-48E3-831F-6152C03DEABF}.Release|x64.ActiveCfg = Release|x64
		{F767777E-4DDD-48E3-831F-6152C03DEABF}.Release|x64.Build.0 = Release|x64
		{F767777E-4DDD-48E3-831F-6152C03DEABF}.Release|x86.ActiveCfg = Release|x86
		{F767777E-4DDD-48E3-831F-6152C03DEABF}.Release|x86.Build.0 = Release|x86
		{DC30395F-C117-4AD7-B414-D733AF0FCC40}.Debug|Any CPU.ActiveCfg = Debug|Any CPU
		{DC30395F-C117-4AD7-B414-D733AF0FCC40}.Debug|Any CPU.Build.0 = Debug|Any CPU
		{DC30395F-C117-4AD7-B414-D733AF0FCC40}.Debug|x64.ActiveCfg = Debug|x64
		{DC30395F-C117-4AD7-B414-D733AF0FCC40}.Debug|x64.Build.0 = Debug|x64
		{DC30395F-C117-4AD7-B414-D733AF0FCC40}.Debug|x86.ActiveCfg = Debug|x86
		{DC30395F-C117-4AD7-B414-D733AF0FCC40}.Debug|x86.Build.0 = Debug|x86
		{DC30395F-C117-4AD7-B414-D733AF0FCC40}.Release|Any CPU.ActiveCfg = Release|Any CPU
		{DC30395F-C117-4AD7-B414-D733AF0FCC40}.Release|Any CPU.Build.0 = Release|Any CPU
		{DC30395F-C117-4AD7-B414-D733AF0FCC40}.Release|x64.ActiveCfg = Release|x64
		{DC30395F-C117-4AD7-B414-D733AF0FCC40}.Release|x64.Build.0 = Release|x64
		{DC30395F-C117-4AD7-B414-D733AF0FCC40}.Release|x86.ActiveCfg = Release|x86
		{DC30395F-C117-4AD7-B414-D733AF0FCC40}.Release|x86.Build.0 = Release|x86
		{5A2EB19F-D21A-4AC8-8D6A-1EB7AA657649}.Debug|Any CPU.ActiveCfg = Debug|Any CPU
		{5A2EB19F-D21A-4AC8-8D6A-1EB7AA657649}.Debug|Any CPU.Build.0 = Debug|Any CPU
		{5A2EB19F-D21A-4AC8-8D6A-1EB7AA657649}.Debug|x64.ActiveCfg = Debug|x64
		{5A2EB19F-D21A-4AC8-8D6A-1EB7AA657649}.Debug|x64.Build.0 = Debug|x64
		{5A2EB19F-D21A-4AC8-8D6A-1EB7AA657649}.Debug|x86.ActiveCfg = Debug|x86
		{5A2EB19F-D21A-4AC8-8D6A-1EB7AA657649}.Debug|x86.Build.0 = Debug|x86
		{5A2EB19F-D21A-4AC8-8D6A-1EB7AA657649}.Release|Any CPU.ActiveCfg = Release|Any CPU
		{5A2EB19F-D21A-4AC8-8D6A-1EB7AA657649}.Release|Any CPU.Build.0 = Release|Any CPU
		{5A2EB19F-D21A-4AC8-8D6A-1EB7AA657649}.Release|x64.ActiveCfg = Release|x64
		{5A2EB19F-D21A-4AC8-8D6A-1EB7AA657649}.Release|x64.Build.0 = Release|x64
		{5A2EB19F-D21A-4AC8-8D6A-1EB7AA657649}.Release|x86.ActiveCfg = Release|x86
		{5A2EB19F-D21A-4AC8-8D6A-1EB7AA657649}.Release|x86.Build.0 = Release|x86
		{45895CBB-2BAF-4D1D-97C1-A939F03791E6}.Debug|Any CPU.ActiveCfg = Debug|Any CPU
		{45895CBB-2BAF-4D1D-97C1-A939F03791E6}.Debug|Any CPU.Build.0 = Debug|Any CPU
		{45895CBB-2BAF-4D1D-97C1-A939F03791E6}.Debug|x64.ActiveCfg = Debug|x64
		{45895CBB-2BAF-4D1D-97C1-A939F03791E6}.Debug|x64.Build.0 = Debug|x64
		{45895CBB-2BAF-4D1D-97C1-A939F03791E6}.Debug|x86.ActiveCfg = Debug|x86
		{45895CBB-2BAF-4D1D-97C1-A939F03791E6}.Debug|x86.Build.0 = Debug|x86
		{45895CBB-2BAF-4D1D-97C1-A939F03791E6}.Release|Any CPU.ActiveCfg = Release|Any CPU
		{45895CBB-2BAF-4D1D-97C1-A939F03791E6}.Release|Any CPU.Build.0 = Release|Any CPU
		{45895CBB-2BAF-4D1D-97C1-A939F03791E6}.Release|x64.ActiveCfg = Release|x64
		{45895CBB-2BAF-4D1D-97C1-A939F03791E6}.Release|x64.Build.0 = Release|x64
		{45895CBB-2BAF-4D1D-97C1-A939F03791E6}.Release|x86.ActiveCfg = Release|x86
		{45895CBB-2BAF-4D1D-97C1-A939F03791E6}.Release|x86.Build.0 = Release|x86
		{C6E282AE-D563-4B95-9F1A-EC75CF8738B8}.Debug|Any CPU.ActiveCfg = Debug|Any CPU
		{C6E282AE-D563-4B95-9F1A-EC75CF8738B8}.Debug|Any CPU.Build.0 = Debug|Any CPU
		{C6E282AE-D563-4B95-9F1A-EC75CF8738B8}.Debug|x64.ActiveCfg = Debug|x64
		{C6E282AE-D563-4B95-9F1A-EC75CF8738B8}.Debug|x64.Build.0 = Debug|x64
		{C6E282AE-D563-4B95-9F1A-EC75CF8738B8}.Debug|x86.ActiveCfg = Debug|x86
		{C6E282AE-D563-4B95-9F1A-EC75CF8738B8}.Debug|x86.Build.0 = Debug|x86
		{C6E282AE-D563-4B95-9F1A-EC75CF8738B8}.Release|Any CPU.ActiveCfg = Release|Any CPU
		{C6E282AE-D563-4B95-9F1A-EC75CF8738B8}.Release|Any CPU.Build.0 = Release|Any CPU
		{C6E282AE-D563-4B95-9F1A-EC75CF8738B8}.Release|x64.ActiveCfg = Release|x64
		{C6E282AE-D563-4B95-9F1A-EC75CF8738B8}.Release|x64.Build.0 = Release|x64
		{C6E282AE-D563-4B95-9F1A-EC75CF8738B8}.Release|x86.ActiveCfg = Release|x86
		{C6E282AE-D563-4B95-9F1A-EC75CF8738B8}.Release|x86.Build.0 = Release|x86
		{D5335982-19D7-4939-9530-8ACD8E2427BC}.Debug|Any CPU.ActiveCfg = Debug|Any CPU
		{D5335982-19D7-4939-9530-8ACD8E2427BC}.Debug|Any CPU.Build.0 = Debug|Any CPU
		{D5335982-19D7-4939-9530-8ACD8E2427BC}.Debug|x64.ActiveCfg = Debug|x64
		{D5335982-19D7-4939-9530-8ACD8E2427BC}.Debug|x64.Build.0 = Debug|x64
		{D5335982-19D7-4939-9530-8ACD8E2427BC}.Debug|x86.ActiveCfg = Debug|x86
		{D5335982-19D7-4939-9530-8ACD8E2427BC}.Debug|x86.Build.0 = Debug|x86
		{D5335982-19D7-4939-9530-8ACD8E2427BC}.Release|Any CPU.ActiveCfg = Release|Any CPU
		{D5335982-19D7-4939-9530-8ACD8E2427BC}.Release|Any CPU.Build.0 = Release|Any CPU
		{D5335982-19D7-4939-9530-8ACD8E2427BC}.Release|x64.ActiveCfg = Release|x64
		{D5335982-19D7-4939-9530-8ACD8E2427BC}.Release|x64.Build.0 = Release|x64
		{D5335982-19D7-4939-9530-8ACD8E2427BC}.Release|x86.ActiveCfg = Release|x86
		{D5335982-19D7-4939-9530-8ACD8E2427BC}.Release|x86.Build.0 = Release|x86
		{E086BC6E-380C-4AC7-BA8D-EB87D72C9C16}.Debug|Any CPU.ActiveCfg = Debug|Any CPU
		{E086BC6E-380C-4AC7-BA8D-EB87D72C9C16}.Debug|Any CPU.Build.0 = Debug|Any CPU
		{E086BC6E-380C-4AC7-BA8D-EB87D72C9C16}.Debug|x64.ActiveCfg = Debug|x64
		{E086BC6E-380C-4AC7-BA8D-EB87D72C9C16}.Debug|x64.Build.0 = Debug|x64
		{E086BC6E-380C-4AC7-BA8D-EB87D72C9C16}.Debug|x86.ActiveCfg = Debug|x86
		{E086BC6E-380C-4AC7-BA8D-EB87D72C9C16}.Debug|x86.Build.0 = Debug|x86
		{E086BC6E-380C-4AC7-BA8D-EB87D72C9C16}.Release|Any CPU.ActiveCfg = Release|Any CPU
		{E086BC6E-380C-4AC7-BA8D-EB87D72C9C16}.Release|Any CPU.Build.0 = Release|Any CPU
		{E086BC6E-380C-4AC7-BA8D-EB87D72C9C16}.Release|x64.ActiveCfg = Release|x64
		{E086BC6E-380C-4AC7-BA8D-EB87D72C9C16}.Release|x64.Build.0 = Release|x64
		{E086BC6E-380C-4AC7-BA8D-EB87D72C9C16}.Release|x86.ActiveCfg = Release|x86
		{E086BC6E-380C-4AC7-BA8D-EB87D72C9C16}.Release|x86.Build.0 = Release|x86
		{E0984D81-FA0D-417E-9DD1-37AA1263906A}.Debug|Any CPU.ActiveCfg = Debug|Any CPU
		{E0984D81-FA0D-417E-9DD1-37AA1263906A}.Debug|Any CPU.Build.0 = Debug|Any CPU
		{E0984D81-FA0D-417E-9DD1-37AA1263906A}.Debug|x64.ActiveCfg = Debug|x64
		{E0984D81-FA0D-417E-9DD1-37AA1263906A}.Debug|x64.Build.0 = Debug|x64
		{E0984D81-FA0D-417E-9DD1-37AA1263906A}.Debug|x86.ActiveCfg = Debug|x86
		{E0984D81-FA0D-417E-9DD1-37AA1263906A}.Debug|x86.Build.0 = Debug|x86
		{E0984D81-FA0D-417E-9DD1-37AA1263906A}.Release|Any CPU.ActiveCfg = Release|Any CPU
		{E0984D81-FA0D-417E-9DD1-37AA1263906A}.Release|Any CPU.Build.0 = Release|Any CPU
		{E0984D81-FA0D-417E-9DD1-37AA1263906A}.Release|x64.ActiveCfg = Release|x64
		{E0984D81-FA0D-417E-9DD1-37AA1263906A}.Release|x64.Build.0 = Release|x64
		{E0984D81-FA0D-417E-9DD1-37AA1263906A}.Release|x86.ActiveCfg = Release|x86
		{E0984D81-FA0D-417E-9DD1-37AA1263906A}.Release|x86.Build.0 = Release|x86
		{54B0AF87-4B36-4CAA-BF75-FC440246AD7B}.Debug|Any CPU.ActiveCfg = Debug|Any CPU
		{54B0AF87-4B36-4CAA-BF75-FC440246AD7B}.Debug|Any CPU.Build.0 = Debug|Any CPU
		{54B0AF87-4B36-4CAA-BF75-FC440246AD7B}.Debug|x64.ActiveCfg = Debug|Any CPU
		{54B0AF87-4B36-4CAA-BF75-FC440246AD7B}.Debug|x64.Build.0 = Debug|Any CPU
		{54B0AF87-4B36-4CAA-BF75-FC440246AD7B}.Debug|x86.ActiveCfg = Debug|Any CPU
		{54B0AF87-4B36-4CAA-BF75-FC440246AD7B}.Debug|x86.Build.0 = Debug|Any CPU
		{54B0AF87-4B36-4CAA-BF75-FC440246AD7B}.Release|Any CPU.ActiveCfg = Release|Any CPU
		{54B0AF87-4B36-4CAA-BF75-FC440246AD7B}.Release|Any CPU.Build.0 = Release|Any CPU
		{54B0AF87-4B36-4CAA-BF75-FC440246AD7B}.Release|x64.ActiveCfg = Release|Any CPU
		{54B0AF87-4B36-4CAA-BF75-FC440246AD7B}.Release|x64.Build.0 = Release|Any CPU
		{54B0AF87-4B36-4CAA-BF75-FC440246AD7B}.Release|x86.ActiveCfg = Release|Any CPU
		{54B0AF87-4B36-4CAA-BF75-FC440246AD7B}.Release|x86.Build.0 = Release|Any CPU
		{8025A25F-8936-4C25-85A0-D9AC97F65B3F}.Debug|Any CPU.ActiveCfg = Debug|Any CPU
		{8025A25F-8936-4C25-85A0-D9AC97F65B3F}.Debug|Any CPU.Build.0 = Debug|Any CPU
		{8025A25F-8936-4C25-85A0-D9AC97F65B3F}.Debug|x64.ActiveCfg = Debug|Any CPU
		{8025A25F-8936-4C25-85A0-D9AC97F65B3F}.Debug|x64.Build.0 = Debug|Any CPU
		{8025A25F-8936-4C25-85A0-D9AC97F65B3F}.Debug|x86.ActiveCfg = Debug|Any CPU
		{8025A25F-8936-4C25-85A0-D9AC97F65B3F}.Debug|x86.Build.0 = Debug|Any CPU
		{8025A25F-8936-4C25-85A0-D9AC97F65B3F}.Release|Any CPU.ActiveCfg = Release|Any CPU
		{8025A25F-8936-4C25-85A0-D9AC97F65B3F}.Release|Any CPU.Build.0 = Release|Any CPU
		{8025A25F-8936-4C25-85A0-D9AC97F65B3F}.Release|x64.ActiveCfg = Release|Any CPU
		{8025A25F-8936-4C25-85A0-D9AC97F65B3F}.Release|x64.Build.0 = Release|Any CPU
		{8025A25F-8936-4C25-85A0-D9AC97F65B3F}.Release|x86.ActiveCfg = Release|Any CPU
		{8025A25F-8936-4C25-85A0-D9AC97F65B3F}.Release|x86.Build.0 = Release|Any CPU
		{E9A3F496-598A-4354-BA54-E53F2F098479}.Debug|Any CPU.ActiveCfg = Debug|Any CPU
		{E9A3F496-598A-4354-BA54-E53F2F098479}.Debug|Any CPU.Build.0 = Debug|Any CPU
		{E9A3F496-598A-4354-BA54-E53F2F098479}.Debug|x64.ActiveCfg = Debug|x64
		{E9A3F496-598A-4354-BA54-E53F2F098479}.Debug|x64.Build.0 = Debug|x64
		{E9A3F496-598A-4354-BA54-E53F2F098479}.Debug|x86.ActiveCfg = Debug|x86
		{E9A3F496-598A-4354-BA54-E53F2F098479}.Debug|x86.Build.0 = Debug|x86
		{E9A3F496-598A-4354-BA54-E53F2F098479}.Release|Any CPU.ActiveCfg = Release|Any CPU
		{E9A3F496-598A-4354-BA54-E53F2F098479}.Release|Any CPU.Build.0 = Release|Any CPU
		{E9A3F496-598A-4354-BA54-E53F2F098479}.Release|x64.ActiveCfg = Release|x64
		{E9A3F496-598A-4354-BA54-E53F2F098479}.Release|x64.Build.0 = Release|x64
		{E9A3F496-598A-4354-BA54-E53F2F098479}.Release|x86.ActiveCfg = Release|x86
		{E9A3F496-598A-4354-BA54-E53F2F098479}.Release|x86.Build.0 = Release|x86
		{F0223010-E72E-4D57-BFE7-0C532D9E3851}.Debug|Any CPU.ActiveCfg = Debug|Any CPU
		{F0223010-E72E-4D57-BFE7-0C532D9E3851}.Debug|Any CPU.Build.0 = Debug|Any CPU
		{F0223010-E72E-4D57-BFE7-0C532D9E3851}.Debug|x64.ActiveCfg = Debug|Any CPU
		{F0223010-E72E-4D57-BFE7-0C532D9E3851}.Debug|x64.Build.0 = Debug|Any CPU
		{F0223010-E72E-4D57-BFE7-0C532D9E3851}.Debug|x86.ActiveCfg = Debug|Any CPU
		{F0223010-E72E-4D57-BFE7-0C532D9E3851}.Debug|x86.Build.0 = Debug|Any CPU
		{F0223010-E72E-4D57-BFE7-0C532D9E3851}.Release|Any CPU.ActiveCfg = Release|Any CPU
		{F0223010-E72E-4D57-BFE7-0C532D9E3851}.Release|Any CPU.Build.0 = Release|Any CPU
		{F0223010-E72E-4D57-BFE7-0C532D9E3851}.Release|x64.ActiveCfg = Release|Any CPU
		{F0223010-E72E-4D57-BFE7-0C532D9E3851}.Release|x64.Build.0 = Release|Any CPU
		{F0223010-E72E-4D57-BFE7-0C532D9E3851}.Release|x86.ActiveCfg = Release|Any CPU
		{F0223010-E72E-4D57-BFE7-0C532D9E3851}.Release|x86.Build.0 = Release|Any CPU
	EndGlobalSection
	GlobalSection(SolutionProperties) = preSolution
		HideSolutionNode = FALSE
	EndGlobalSection
EndGlobal
